
Microsoft Visual Studio Solution File, Format Version 12.00
# Visual Studio Version 17
VisualStudioVersion = 17.4.33110.190
MinimumVisualStudioVersion = 10.0.40219.1
Project("{8BC9CEB8-8B4A-11D0-8D11-00A0C91BC942}") = "MyFilter", "MyFilter\MyFilter.vcxproj", "{CA8D642E-C7AE-42A4-A891-A1ECB8915265}"
EndProject
Global
	GlobalSection(SolutionConfigurationPlatforms) = preSolution
		Debug|x64 = Debug|x64
		Debug|x86 = Debug|x86
		Release|x64 = Release|x64
		Release|x86 = Release|x86
	EndGlobalSection
	GlobalSection(ProjectConfigurationPlatforms) = postSolution
		{CA8D642E-C7AE-42A4-A891-A1ECB8915265}.Debug|x64.ActiveCfg = Debug|x64
		{CA8D642E-C7AE-42A4-A891-A1ECB8915265}.Debug|x64.Build.0 = Debug|x64
		{CA8D642E-C7AE-42A4-A891-A1ECB8915265}.Debug|x86.ActiveCfg = Debug|Win32
		{CA8D642E-C7AE-42A4-A891-A1ECB8915265}.Debug|x86.Build.0 = Debug|Win32
		{CA8D642E-C7AE-42A4-A891-A1ECB8915265}.Release|x64.ActiveCfg = Release|x64
		{CA8D642E-C7AE-42A4-A891-A1ECB8915265}.Release|x64.Build.0 = Release|x64
		{CA8D642E-C7AE-42A4-A891-A1ECB8915265}.Release|x86.ActiveCfg = Release|Win32
		{CA8D642E-C7AE-42A4-A891-A1ECB8915265}.Release|x86.Build.0 = Release|Win32
	EndGlobalSection
	GlobalSection(SolutionProperties) = preSolution
		HideSolutionNode = FALSE
	EndGlobalSection
	GlobalSection(ExtensibilityGlobals) = postSolution
		SolutionGuid = {4F17F5B0-DBE8-4CD4-A76F-D5C2316F29AA}
	EndGlobalSection
EndGlobal
